// !$*UTF8*$!
{
	archiveVersion = 1;
	classes = {
	};
	objectVersion = 46;
	objects = {

/* Begin PBXBuildFile section */
		2BF8F08CA0A44E92BD0E14AF /* libPods.a in Frameworks */ = {isa = PBXBuildFile; fileRef = 3E3AB62D7AE546C993AC6D44 /* libPods.a */; };
		FD071ADE18765FD30020B192 /* PJProjectorDetailViewController.m in Sources */ = {isa = PBXBuildFile; fileRef = FD071ADD18765FD30020B192 /* PJProjectorDetailViewController.m */; };
		FD0FED5F191FFC2400373AA6 /* UIImage+SolidColor.m in Sources */ = {isa = PBXBuildFile; fileRef = FD0FED5E191FFC2400373AA6 /* UIImage+SolidColor.m */; };
		FD11FED41895DFFA00C69F96 /* PJBeaconListenerViewController.m in Sources */ = {isa = PBXBuildFile; fileRef = FD11FED31895DFFA00C69F96 /* PJBeaconListenerViewController.m */; };
		FD1359B119358093001FF701 /* 935-power-socket-toolbar.png in Resources */ = {isa = PBXBuildFile; fileRef = FD1359AF19358093001FF701 /* 935-power-socket-toolbar.png */; };
		FD1359B219358093001FF701 /* 935-power-socket-toolbar@2x.png in Resources */ = {isa = PBXBuildFile; fileRef = FD1359B019358093001FF701 /* 935-power-socket-toolbar@2x.png */; };
		FD1359B519358114001FF701 /* 1078-join-path-toolbar.png in Resources */ = {isa = PBXBuildFile; fileRef = FD1359B319358114001FF701 /* 1078-join-path-toolbar.png */; };
		FD1359B619358114001FF701 /* 1078-join-path-toolbar@2x.png in Resources */ = {isa = PBXBuildFile; fileRef = FD1359B419358114001FF701 /* 1078-join-path-toolbar@2x.png */; };
		FD1359B919358164001FF701 /* 946-microphone-toolbar.png in Resources */ = {isa = PBXBuildFile; fileRef = FD1359B719358164001FF701 /* 946-microphone-toolbar.png */; };
		FD1359BA19358164001FF701 /* 946-microphone-toolbar@2x.png in Resources */ = {isa = PBXBuildFile; fileRef = FD1359B819358164001FF701 /* 946-microphone-toolbar@2x.png */; };
		FD1359BD193581A0001FF701 /* 969-television-toolbar.png in Resources */ = {isa = PBXBuildFile; fileRef = FD1359BB193581A0001FF701 /* 969-television-toolbar.png */; };
		FD1359BE193581A0001FF701 /* 969-television-toolbar@2x.png in Resources */ = {isa = PBXBuildFile; fileRef = FD1359BC193581A0001FF701 /* 969-television-toolbar@2x.png */; };
		FD1C4085192AF4A0005B38B8 /* PJProjectorTableViewCell.m in Sources */ = {isa = PBXBuildFile; fileRef = FD1C4084192AF4A0005B38B8 /* PJProjectorTableViewCell.m */; };
		FD1C408D192B0639005B38B8 /* projector_connected@2x.png in Resources */ = {isa = PBXBuildFile; fileRef = FD1C4087192B0639005B38B8 /* projector_connected@2x.png */; };
		FD1C408E192B0639005B38B8 /* projector_connecting0@2x.png in Resources */ = {isa = PBXBuildFile; fileRef = FD1C4088192B0639005B38B8 /* projector_connecting0@2x.png */; };
		FD1C408F192B0639005B38B8 /* projector_connecting1@2x.png in Resources */ = {isa = PBXBuildFile; fileRef = FD1C4089192B0639005B38B8 /* projector_connecting1@2x.png */; };
		FD1C4090192B0639005B38B8 /* projector_connecting2@2x.png in Resources */ = {isa = PBXBuildFile; fileRef = FD1C408A192B0639005B38B8 /* projector_connecting2@2x.png */; };
		FD1C4091192B0639005B38B8 /* projector_connecting3@2x.png in Resources */ = {isa = PBXBuildFile; fileRef = FD1C408B192B0639005B38B8 /* projector_connecting3@2x.png */; };
		FD1C4092192B0639005B38B8 /* projector_disconnected@2x.png in Resources */ = {isa = PBXBuildFile; fileRef = FD1C408C192B0639005B38B8 /* projector_disconnected@2x.png */; };
		FD26B2FB192EDDB80077F336 /* blue_rounded_rect.png in Resources */ = {isa = PBXBuildFile; fileRef = FD26B2F9192EDDB80077F336 /* blue_rounded_rect.png */; };
		FD26B2FC192EDDB80077F336 /* blue_rounded_rect@2x.png in Resources */ = {isa = PBXBuildFile; fileRef = FD26B2FA192EDDB80077F336 /* blue_rounded_rect@2x.png */; };
		FD26B2FE192EE63A0077F336 /* ProjectRAppIcon@2x.png in Resources */ = {isa = PBXBuildFile; fileRef = FD26B2FD192EE63A0077F336 /* ProjectRAppIcon@2x.png */; };
		FD26B300192EE6DD0077F336 /* ProjectRAppIcon.png in Resources */ = {isa = PBXBuildFile; fileRef = FD26B2FF192EE6DD0077F336 /* ProjectRAppIcon.png */; };
		FD275AAF1792388100DA9786 /* PJAMXBeaconListener.m in Sources */ = {isa = PBXBuildFile; fileRef = FD275AAE1792388100DA9786 /* PJAMXBeaconListener.m */; };
		FD275AB4179238C300DA9786 /* PJAMXBeaconHost.m in Sources */ = {isa = PBXBuildFile; fileRef = FD275AB3179238C300DA9786 /* PJAMXBeaconHost.m */; };
		FD2C35C2178A305A0080B1B7 /* UIKit.framework in Frameworks */ = {isa = PBXBuildFile; fileRef = FD2C35C1178A305A0080B1B7 /* UIKit.framework */; };
		FD2C35C4178A305A0080B1B7 /* Foundation.framework in Frameworks */ = {isa = PBXBuildFile; fileRef = FD2C35C3178A305A0080B1B7 /* Foundation.framework */; };
		FD2C35C6178A305A0080B1B7 /* CoreGraphics.framework in Frameworks */ = {isa = PBXBuildFile; fileRef = FD2C35C5178A305A0080B1B7 /* CoreGraphics.framework */; };
		FD2C35CC178A305A0080B1B7 /* InfoPlist.strings in Resources */ = {isa = PBXBuildFile; fileRef = FD2C35CA178A305A0080B1B7 /* InfoPlist.strings */; };
		FD2C35CE178A305A0080B1B7 /* main.m in Sources */ = {isa = PBXBuildFile; fileRef = FD2C35CD178A305A0080B1B7 /* main.m */; };
		FD2C35D2178A305A0080B1B7 /* PJAppDelegate.m in Sources */ = {isa = PBXBuildFile; fileRef = FD2C35D1178A305A0080B1B7 /* PJAppDelegate.m */; };
		FD2C35D4178A305A0080B1B7 /* Default.png in Resources */ = {isa = PBXBuildFile; fileRef = FD2C35D3178A305A0080B1B7 /* Default.png */; };
		FD2C35D6178A305A0080B1B7 /* Default@2x.png in Resources */ = {isa = PBXBuildFile; fileRef = FD2C35D5178A305A0080B1B7 /* Default@2x.png */; };
		FD2C35D8178A305A0080B1B7 /* Default-568h@2x.png in Resources */ = {isa = PBXBuildFile; fileRef = FD2C35D7178A305A0080B1B7 /* Default-568h@2x.png */; };
		FD2C35DB178A305A0080B1B7 /* MainStoryboard_iPhone.storyboard in Resources */ = {isa = PBXBuildFile; fileRef = FD2C35D9178A305A0080B1B7 /* MainStoryboard_iPhone.storyboard */; };
		FD32A59019326A4C00047BA1 /* PJProjectorConnectionStateView.m in Sources */ = {isa = PBXBuildFile; fileRef = FD32A58F19326A4C00047BA1 /* PJProjectorConnectionStateView.m */; };
		FD41B20517AE136C00502703 /* PJInterfaceInfo.m in Sources */ = {isa = PBXBuildFile; fileRef = FD41B20417AE136C00502703 /* PJInterfaceInfo.m */; };
		FD4EE0161925C18B0061B1C2 /* PJNoProjectorsTableViewCell.m in Sources */ = {isa = PBXBuildFile; fileRef = FD4EE0151925C18B0061B1C2 /* PJNoProjectorsTableViewCell.m */; };
		FD5BDEDA19340710002B86DF /* Reveal.framework in Frameworks */ = {isa = PBXBuildFile; fileRef = FD5BDED919340710002B86DF /* Reveal.framework */; };
		FD5BDEDF19340D22002B86DF /* blue_circle_selected.png in Resources */ = {isa = PBXBuildFile; fileRef = FD5BDEDB19340D22002B86DF /* blue_circle_selected.png */; };
		FD5BDEE019340D22002B86DF /* blue_circle_selected@2x.png in Resources */ = {isa = PBXBuildFile; fileRef = FD5BDEDC19340D22002B86DF /* blue_circle_selected@2x.png */; };
		FD5BDEE119340D22002B86DF /* blue_circle.png in Resources */ = {isa = PBXBuildFile; fileRef = FD5BDEDD19340D22002B86DF /* blue_circle.png */; };
		FD5BDEE219340D22002B86DF /* blue_circle@2x.png in Resources */ = {isa = PBXBuildFile; fileRef = FD5BDEDE19340D22002B86DF /* blue_circle@2x.png */; };
		FD94CFAF192C1E7100C1DB05 /* PJProjectorInputPowerStatusView.m in Sources */ = {isa = PBXBuildFile; fileRef = FD94CFAE192C1E7100C1DB05 /* PJProjectorInputPowerStatusView.m */; };
		FDB9161317AC9B850098755A /* PJLinkSubnetScanner.m in Sources */ = {isa = PBXBuildFile; fileRef = FDB9161217AC9B850098755A /* PJLinkSubnetScanner.m */; };
		FDDA57DC1793BA58007B49D0 /* PJProjectorManager.m in Sources */ = {isa = PBXBuildFile; fileRef = FDDA57DB1793BA58007B49D0 /* PJProjectorManager.m */; };
		FDDA6A55192066AA00757F96 /* PJLabeledProgressView.m in Sources */ = {isa = PBXBuildFile; fileRef = FDDA6A54192066AA00757F96 /* PJLabeledProgressView.m */; };
		FDDAEE65188DFDB80015D2E3 /* PJSubnetScannerViewController.m in Sources */ = {isa = PBXBuildFile; fileRef = FDDAEE64188DFDB80015D2E3 /* PJSubnetScannerViewController.m */; };
		FDDEA682187FA1E400C07EB8 /* NSIndexSet+NSIndexPath.m in Sources */ = {isa = PBXBuildFile; fileRef = FDDEA681187FA1E400C07EB8 /* NSIndexSet+NSIndexPath.m */; };
		FDEF71691878F963002FA55F /* PJProjectorListViewController.m in Sources */ = {isa = PBXBuildFile; fileRef = FDEF71681878F963002FA55F /* PJProjectorListViewController.m */; };
		FDEF716C18791349002FA55F /* PJManualAddTableViewController.m in Sources */ = {isa = PBXBuildFile; fileRef = FDEF716B18791349002FA55F /* PJManualAddTableViewController.m */; };
/* End PBXBuildFile section */

/* Begin PBXFileReference section */
		3E3AB62D7AE546C993AC6D44 /* libPods.a */ = {isa = PBXFileReference; explicitFileType = archive.ar; includeInIndex = 0; path = libPods.a; sourceTree = BUILT_PRODUCTS_DIR; };
		6B27D3B044CC4AFEB5884882 /* Pods.xcconfig */ = {isa = PBXFileReference; includeInIndex = 1; lastKnownFileType = text.xcconfig; name = Pods.xcconfig; path = Pods/Pods.xcconfig; sourceTree = SOURCE_ROOT; };
		FD071ADC18765FD30020B192 /* PJProjectorDetailViewController.h */ = {isa = PBXFileReference; fileEncoding = 4; lastKnownFileType = sourcecode.c.h; path = PJProjectorDetailViewController.h; sourceTree = "<group>"; };
		FD071ADD18765FD30020B192 /* PJProjectorDetailViewController.m */ = {isa = PBXFileReference; fileEncoding = 4; lastKnownFileType = sourcecode.c.objc; path = PJProjectorDetailViewController.m; sourceTree = "<group>"; };
		FD0FED5D191FFC2400373AA6 /* UIImage+SolidColor.h */ = {isa = PBXFileReference; fileEncoding = 4; lastKnownFileType = sourcecode.c.h; path = "UIImage+SolidColor.h"; sourceTree = "<group>"; };
		FD0FED5E191FFC2400373AA6 /* UIImage+SolidColor.m */ = {isa = PBXFileReference; fileEncoding = 4; lastKnownFileType = sourcecode.c.objc; path = "UIImage+SolidColor.m"; sourceTree = "<group>"; };
		FD11FED21895DFFA00C69F96 /* PJBeaconListenerViewController.h */ = {isa = PBXFileReference; fileEncoding = 4; lastKnownFileType = sourcecode.c.h; path = PJBeaconListenerViewController.h; sourceTree = "<group>"; };
		FD11FED31895DFFA00C69F96 /* PJBeaconListenerViewController.m */ = {isa = PBXFileReference; fileEncoding = 4; lastKnownFileType = sourcecode.c.objc; path = PJBeaconListenerViewController.m; sourceTree = "<group>"; };
		FD1359AF19358093001FF701 /* 935-power-socket-toolbar.png */ = {isa = PBXFileReference; lastKnownFileType = image.png; path = "935-power-socket-toolbar.png"; sourceTree = "<group>"; };
		FD1359B019358093001FF701 /* 935-power-socket-toolbar@2x.png */ = {isa = PBXFileReference; lastKnownFileType = image.png; path = "935-power-socket-toolbar@2x.png"; sourceTree = "<group>"; };
		FD1359B319358114001FF701 /* 1078-join-path-toolbar.png */ = {isa = PBXFileReference; lastKnownFileType = image.png; path = "1078-join-path-toolbar.png"; sourceTree = "<group>"; };
		FD1359B419358114001FF701 /* 1078-join-path-toolbar@2x.png */ = {isa = PBXFileReference; lastKnownFileType = image.png; path = "1078-join-path-toolbar@2x.png"; sourceTree = "<group>"; };
		FD1359B719358164001FF701 /* 946-microphone-toolbar.png */ = {isa = PBXFileReference; lastKnownFileType = image.png; path = "946-microphone-toolbar.png"; sourceTree = "<group>"; };
		FD1359B819358164001FF701 /* 946-microphone-toolbar@2x.png */ = {isa = PBXFileReference; lastKnownFileType = image.png; path = "946-microphone-toolbar@2x.png"; sourceTree = "<group>"; };
		FD1359BB193581A0001FF701 /* 969-television-toolbar.png */ = {isa = PBXFileReference; lastKnownFileType = image.png; path = "969-television-toolbar.png"; sourceTree = "<group>"; };
		FD1359BC193581A0001FF701 /* 969-television-toolbar@2x.png */ = {isa = PBXFileReference; lastKnownFileType = image.png; path = "969-television-toolbar@2x.png"; sourceTree = "<group>"; };
		FD1C4083192AF4A0005B38B8 /* PJProjectorTableViewCell.h */ = {isa = PBXFileReference; fileEncoding = 4; lastKnownFileType = sourcecode.c.h; path = PJProjectorTableViewCell.h; sourceTree = "<group>"; };
		FD1C4084192AF4A0005B38B8 /* PJProjectorTableViewCell.m */ = {isa = PBXFileReference; fileEncoding = 4; lastKnownFileType = sourcecode.c.objc; path = PJProjectorTableViewCell.m; sourceTree = "<group>"; };
		FD1C4087192B0639005B38B8 /* projector_connected@2x.png */ = {isa = PBXFileReference; lastKnownFileType = image.png; path = "projector_connected@2x.png"; sourceTree = "<group>"; };
		FD1C4088192B0639005B38B8 /* projector_connecting0@2x.png */ = {isa = PBXFileReference; lastKnownFileType = image.png; path = "projector_connecting0@2x.png"; sourceTree = "<group>"; };
		FD1C4089192B0639005B38B8 /* projector_connecting1@2x.png */ = {isa = PBXFileReference; lastKnownFileType = image.png; path = "projector_connecting1@2x.png"; sourceTree = "<group>"; };
		FD1C408A192B0639005B38B8 /* projector_connecting2@2x.png */ = {isa = PBXFileReference; lastKnownFileType = image.png; path = "projector_connecting2@2x.png"; sourceTree = "<group>"; };
		FD1C408B192B0639005B38B8 /* projector_connecting3@2x.png */ = {isa = PBXFileReference; lastKnownFileType = image.png; path = "projector_connecting3@2x.png"; sourceTree = "<group>"; };
		FD1C408C192B0639005B38B8 /* projector_disconnected@2x.png */ = {isa = PBXFileReference; lastKnownFileType = image.png; path = "projector_disconnected@2x.png"; sourceTree = "<group>"; };
		FD26B2F9192EDDB80077F336 /* blue_rounded_rect.png */ = {isa = PBXFileReference; lastKnownFileType = image.png; path = blue_rounded_rect.png; sourceTree = "<group>"; };
		FD26B2FA192EDDB80077F336 /* blue_rounded_rect@2x.png */ = {isa = PBXFileReference; lastKnownFileType = image.png; path = "blue_rounded_rect@2x.png"; sourceTree = "<group>"; };
		FD26B2FD192EE63A0077F336 /* ProjectRAppIcon@2x.png */ = {isa = PBXFileReference; lastKnownFileType = image.png; path = "ProjectRAppIcon@2x.png"; sourceTree = "<group>"; };
		FD26B2FF192EE6DD0077F336 /* ProjectRAppIcon.png */ = {isa = PBXFileReference; lastKnownFileType = image.png; path = ProjectRAppIcon.png; sourceTree = "<group>"; };
		FD275AAD1792388100DA9786 /* PJAMXBeaconListener.h */ = {isa = PBXFileReference; fileEncoding = 4; lastKnownFileType = sourcecode.c.h; name = PJAMXBeaconListener.h; path = AMX/PJAMXBeaconListener.h; sourceTree = "<group>"; };
		FD275AAE1792388100DA9786 /* PJAMXBeaconListener.m */ = {isa = PBXFileReference; fileEncoding = 4; lastKnownFileType = sourcecode.c.objc; name = PJAMXBeaconListener.m; path = AMX/PJAMXBeaconListener.m; sourceTree = "<group>"; };
		FD275AB2179238C300DA9786 /* PJAMXBeaconHost.h */ = {isa = PBXFileReference; fileEncoding = 4; lastKnownFileType = sourcecode.c.h; name = PJAMXBeaconHost.h; path = AMX/PJAMXBeaconHost.h; sourceTree = "<group>"; };
		FD275AB3179238C300DA9786 /* PJAMXBeaconHost.m */ = {isa = PBXFileReference; fileEncoding = 4; lastKnownFileType = sourcecode.c.objc; name = PJAMXBeaconHost.m; path = AMX/PJAMXBeaconHost.m; sourceTree = "<group>"; };
		FD2C35BE178A305A0080B1B7 /* ProjectR.app */ = {isa = PBXFileReference; explicitFileType = wrapper.application; includeInIndex = 0; path = ProjectR.app; sourceTree = BUILT_PRODUCTS_DIR; };
		FD2C35C1178A305A0080B1B7 /* UIKit.framework */ = {isa = PBXFileReference; lastKnownFileType = wrapper.framework; name = UIKit.framework; path = System/Library/Frameworks/UIKit.framework; sourceTree = SDKROOT; };
		FD2C35C3178A305A0080B1B7 /* Foundation.framework */ = {isa = PBXFileReference; lastKnownFileType = wrapper.framework; name = Foundation.framework; path = System/Library/Frameworks/Foundation.framework; sourceTree = SDKROOT; };
		FD2C35C5178A305A0080B1B7 /* CoreGraphics.framework */ = {isa = PBXFileReference; lastKnownFileType = wrapper.framework; name = CoreGraphics.framework; path = System/Library/Frameworks/CoreGraphics.framework; sourceTree = SDKROOT; };
		FD2C35C9178A305A0080B1B7 /* ProjectR-Info.plist */ = {isa = PBXFileReference; lastKnownFileType = text.plist.xml; path = "ProjectR-Info.plist"; sourceTree = "<group>"; };
		FD2C35CB178A305A0080B1B7 /* en */ = {isa = PBXFileReference; lastKnownFileType = text.plist.strings; name = en; path = en.lproj/InfoPlist.strings; sourceTree = "<group>"; };
		FD2C35CD178A305A0080B1B7 /* main.m */ = {isa = PBXFileReference; lastKnownFileType = sourcecode.c.objc; path = main.m; sourceTree = "<group>"; };
		FD2C35CF178A305A0080B1B7 /* ProjectR-Prefix.pch */ = {isa = PBXFileReference; lastKnownFileType = sourcecode.c.h; path = "ProjectR-Prefix.pch"; sourceTree = "<group>"; };
		FD2C35D0178A305A0080B1B7 /* PJAppDelegate.h */ = {isa = PBXFileReference; lastKnownFileType = sourcecode.c.h; path = PJAppDelegate.h; sourceTree = "<group>"; };
		FD2C35D1178A305A0080B1B7 /* PJAppDelegate.m */ = {isa = PBXFileReference; lastKnownFileType = sourcecode.c.objc; path = PJAppDelegate.m; sourceTree = "<group>"; };
		FD2C35D3178A305A0080B1B7 /* Default.png */ = {isa = PBXFileReference; lastKnownFileType = image.png; path = Default.png; sourceTree = "<group>"; };
		FD2C35D5178A305A0080B1B7 /* Default@2x.png */ = {isa = PBXFileReference; lastKnownFileType = image.png; path = "Default@2x.png"; sourceTree = "<group>"; };
		FD2C35D7178A305A0080B1B7 /* Default-568h@2x.png */ = {isa = PBXFileReference; lastKnownFileType = image.png; path = "Default-568h@2x.png"; sourceTree = "<group>"; };
		FD2C35DA178A305A0080B1B7 /* en */ = {isa = PBXFileReference; lastKnownFileType = file.storyboard; name = en; path = en.lproj/MainStoryboard_iPhone.storyboard; sourceTree = "<group>"; };
		FD32A58E19326A4C00047BA1 /* PJProjectorConnectionStateView.h */ = {isa = PBXFileReference; fileEncoding = 4; lastKnownFileType = sourcecode.c.h; path = PJProjectorConnectionStateView.h; sourceTree = "<group>"; };
		FD32A58F19326A4C00047BA1 /* PJProjectorConnectionStateView.m */ = {isa = PBXFileReference; fileEncoding = 4; lastKnownFileType = sourcecode.c.objc; path = PJProjectorConnectionStateView.m; sourceTree = "<group>"; };
		FD41B20317AE136C00502703 /* PJInterfaceInfo.h */ = {isa = PBXFileReference; fileEncoding = 4; lastKnownFileType = sourcecode.c.h; path = PJInterfaceInfo.h; sourceTree = "<group>"; };
		FD41B20417AE136C00502703 /* PJInterfaceInfo.m */ = {isa = PBXFileReference; fileEncoding = 4; lastKnownFileType = sourcecode.c.objc; path = PJInterfaceInfo.m; sourceTree = "<group>"; };
		FD4EE0141925C18B0061B1C2 /* PJNoProjectorsTableViewCell.h */ = {isa = PBXFileReference; fileEncoding = 4; lastKnownFileType = sourcecode.c.h; path = PJNoProjectorsTableViewCell.h; sourceTree = "<group>"; };
		FD4EE0151925C18B0061B1C2 /* PJNoProjectorsTableViewCell.m */ = {isa = PBXFileReference; fileEncoding = 4; lastKnownFileType = sourcecode.c.objc; path = PJNoProjectorsTableViewCell.m; sourceTree = "<group>"; };
		FD5BDED7193406C0002B86DF /* Reveal.app */ = {isa = PBXFileReference; lastKnownFileType = wrapper.application; name = Reveal.app; path = ../../Downloads/Reveal.app; sourceTree = "<group>"; };
		FD5BDED919340710002B86DF /* Reveal.framework */ = {isa = PBXFileReference; lastKnownFileType = wrapper.framework; name = Reveal.framework; path = "../../Downloads/Reveal.app/Contents/SharedSupport/iOS-Libraries/Reveal.framework"; sourceTree = "<group>"; };
		FD5BDEDB19340D22002B86DF /* blue_circle_selected.png */ = {isa = PBXFileReference; lastKnownFileType = image.png; path = blue_circle_selected.png; sourceTree = "<group>"; };
		FD5BDEDC19340D22002B86DF /* blue_circle_selected@2x.png */ = {isa = PBXFileReference; lastKnownFileType = image.png; path = "blue_circle_selected@2x.png"; sourceTree = "<group>"; };
		FD5BDEDD19340D22002B86DF /* blue_circle.png */ = {isa = PBXFileReference; lastKnownFileType = image.png; path = blue_circle.png; sourceTree = "<group>"; };
		FD5BDEDE19340D22002B86DF /* blue_circle@2x.png */ = {isa = PBXFileReference; lastKnownFileType = image.png; path = "blue_circle@2x.png"; sourceTree = "<group>"; };
		FD94CFAD192C1E7100C1DB05 /* PJProjectorInputPowerStatusView.h */ = {isa = PBXFileReference; fileEncoding = 4; lastKnownFileType = sourcecode.c.h; path = PJProjectorInputPowerStatusView.h; sourceTree = "<group>"; };
		FD94CFAE192C1E7100C1DB05 /* PJProjectorInputPowerStatusView.m */ = {isa = PBXFileReference; fileEncoding = 4; lastKnownFileType = sourcecode.c.objc; path = PJProjectorInputPowerStatusView.m; sourceTree = "<group>"; };
		FD94CFB1192C479200C1DB05 /* PJProjectorTableViewCellDelegate.h */ = {isa = PBXFileReference; lastKnownFileType = sourcecode.c.h; path = PJProjectorTableViewCellDelegate.h; sourceTree = "<group>"; };
		FDB9161117AC9B850098755A /* PJLinkSubnetScanner.h */ = {isa = PBXFileReference; fileEncoding = 4; lastKnownFileType = sourcecode.c.h; name = PJLinkSubnetScanner.h; path = SubnetScanner/PJLinkSubnetScanner.h; sourceTree = "<group>"; };
		FDB9161217AC9B850098755A /* PJLinkSubnetScanner.m */ = {isa = PBXFileReference; fileEncoding = 4; lastKnownFileType = sourcecode.c.objc; name = PJLinkSubnetScanner.m; path = SubnetScanner/PJLinkSubnetScanner.m; sourceTree = "<group>"; };
		FDDA57DA1793BA58007B49D0 /* PJProjectorManager.h */ = {isa = PBXFileReference; fileEncoding = 4; lastKnownFileType = sourcecode.c.h; name = PJProjectorManager.h; path = Model/PJProjectorManager.h; sourceTree = "<group>"; };
		FDDA57DB1793BA58007B49D0 /* PJProjectorManager.m */ = {isa = PBXFileReference; fileEncoding = 4; lastKnownFileType = sourcecode.c.objc; name = PJProjectorManager.m; path = Model/PJProjectorManager.m; sourceTree = "<group>"; };
		FDDA6A53192066AA00757F96 /* PJLabeledProgressView.h */ = {isa = PBXFileReference; fileEncoding = 4; lastKnownFileType = sourcecode.c.h; path = PJLabeledProgressView.h; sourceTree = "<group>"; };
		FDDA6A54192066AA00757F96 /* PJLabeledProgressView.m */ = {isa = PBXFileReference; fileEncoding = 4; lastKnownFileType = sourcecode.c.objc; path = PJLabeledProgressView.m; sourceTree = "<group>"; };
		FDDAEE63188DFDB80015D2E3 /* PJSubnetScannerViewController.h */ = {isa = PBXFileReference; fileEncoding = 4; lastKnownFileType = sourcecode.c.h; path = PJSubnetScannerViewController.h; sourceTree = "<group>"; };
		FDDAEE64188DFDB80015D2E3 /* PJSubnetScannerViewController.m */ = {isa = PBXFileReference; fileEncoding = 4; lastKnownFileType = sourcecode.c.objc; path = PJSubnetScannerViewController.m; sourceTree = "<group>"; };
		FDDEA680187FA1E400C07EB8 /* NSIndexSet+NSIndexPath.h */ = {isa = PBXFileReference; fileEncoding = 4; lastKnownFileType = sourcecode.c.h; path = "NSIndexSet+NSIndexPath.h"; sourceTree = "<group>"; };
		FDDEA681187FA1E400C07EB8 /* NSIndexSet+NSIndexPath.m */ = {isa = PBXFileReference; fileEncoding = 4; lastKnownFileType = sourcecode.c.objc; path = "NSIndexSet+NSIndexPath.m"; sourceTree = "<group>"; };
		FDEF71671878F963002FA55F /* PJProjectorListViewController.h */ = {isa = PBXFileReference; fileEncoding = 4; lastKnownFileType = sourcecode.c.h; path = PJProjectorListViewController.h; sourceTree = "<group>"; };
		FDEF71681878F963002FA55F /* PJProjectorListViewController.m */ = {isa = PBXFileReference; fileEncoding = 4; lastKnownFileType = sourcecode.c.objc; path = PJProjectorListViewController.m; sourceTree = "<group>"; };
		FDEF716A18791349002FA55F /* PJManualAddTableViewController.h */ = {isa = PBXFileReference; fileEncoding = 4; lastKnownFileType = sourcecode.c.h; path = PJManualAddTableViewController.h; sourceTree = "<group>"; };
		FDEF716B18791349002FA55F /* PJManualAddTableViewController.m */ = {isa = PBXFileReference; fileEncoding = 4; lastKnownFileType = sourcecode.c.objc; path = PJManualAddTableViewController.m; sourceTree = "<group>"; };
/* End PBXFileReference section */

/* Begin PBXFrameworksBuildPhase section */
		FD2C35BB178A305A0080B1B7 /* Frameworks */ = {
			isa = PBXFrameworksBuildPhase;
			buildActionMask = 2147483647;
			files = (
				FD2C35C2178A305A0080B1B7 /* UIKit.framework in Frameworks */,
				FD2C35C4178A305A0080B1B7 /* Foundation.framework in Frameworks */,
				FD5BDEDA19340710002B86DF /* Reveal.framework in Frameworks */,
				FD2C35C6178A305A0080B1B7 /* CoreGraphics.framework in Frameworks */,
				2BF8F08CA0A44E92BD0E14AF /* libPods.a in Frameworks */,
			);
			runOnlyForDeploymentPostprocessing = 0;
		};
/* End PBXFrameworksBuildPhase section */

/* Begin PBXGroup section */
		FD1C4086192B05F4005B38B8 /* Resources */ = {
			isa = PBXGroup;
			children = (
				FD1359BB193581A0001FF701 /* 969-television-toolbar.png */,
				FD1359BC193581A0001FF701 /* 969-television-toolbar@2x.png */,
				FD1359B719358164001FF701 /* 946-microphone-toolbar.png */,
				FD1359B819358164001FF701 /* 946-microphone-toolbar@2x.png */,
				FD1359B319358114001FF701 /* 1078-join-path-toolbar.png */,
				FD1359B419358114001FF701 /* 1078-join-path-toolbar@2x.png */,
				FD1359AF19358093001FF701 /* 935-power-socket-toolbar.png */,
				FD1359B019358093001FF701 /* 935-power-socket-toolbar@2x.png */,
				FD5BDEDB19340D22002B86DF /* blue_circle_selected.png */,
				FD5BDEDC19340D22002B86DF /* blue_circle_selected@2x.png */,
				FD5BDEDD19340D22002B86DF /* blue_circle.png */,
				FD5BDEDE19340D22002B86DF /* blue_circle@2x.png */,
				FD26B2FF192EE6DD0077F336 /* ProjectRAppIcon.png */,
				FD26B2FD192EE63A0077F336 /* ProjectRAppIcon@2x.png */,
				FD26B2F9192EDDB80077F336 /* blue_rounded_rect.png */,
				FD26B2FA192EDDB80077F336 /* blue_rounded_rect@2x.png */,
				FD1C4087192B0639005B38B8 /* projector_connected@2x.png */,
				FD1C4088192B0639005B38B8 /* projector_connecting0@2x.png */,
				FD1C4089192B0639005B38B8 /* projector_connecting1@2x.png */,
				FD1C408A192B0639005B38B8 /* projector_connecting2@2x.png */,
				FD1C408B192B0639005B38B8 /* projector_connecting3@2x.png */,
				FD1C408C192B0639005B38B8 /* projector_disconnected@2x.png */,
				FD2C35D3178A305A0080B1B7 /* Default.png */,
				FD2C35D5178A305A0080B1B7 /* Default@2x.png */,
				FD2C35D7178A305A0080B1B7 /* Default-568h@2x.png */,
			);
			name = Resources;
			sourceTree = "<group>";
		};
		FD275AB11792389800DA9786 /* AMX */ = {
			isa = PBXGroup;
			children = (
				FD275AAD1792388100DA9786 /* PJAMXBeaconListener.h */,
				FD275AAE1792388100DA9786 /* PJAMXBeaconListener.m */,
				FD275AB2179238C300DA9786 /* PJAMXBeaconHost.h */,
				FD275AB3179238C300DA9786 /* PJAMXBeaconHost.m */,
			);
			name = AMX;
			sourceTree = "<group>";
		};
		FD2C35B5178A305A0080B1B7 = {
			isa = PBXGroup;
			children = (
				FD2C35C7178A305A0080B1B7 /* ProjectR */,
				FD2C35C0178A305A0080B1B7 /* Frameworks */,
				FD2C35BF178A305A0080B1B7 /* Products */,
				6B27D3B044CC4AFEB5884882 /* Pods.xcconfig */,
			);
			sourceTree = "<group>";
		};
		FD2C35BF178A305A0080B1B7 /* Products */ = {
			isa = PBXGroup;
			children = (
				FD2C35BE178A305A0080B1B7 /* ProjectR.app */,
			);
			name = Products;
			sourceTree = "<group>";
		};
		FD2C35C0178A305A0080B1B7 /* Frameworks */ = {
			isa = PBXGroup;
			children = (
				FD5BDED919340710002B86DF /* Reveal.framework */,
				FD5BDED7193406C0002B86DF /* Reveal.app */,
				FD2C35C1178A305A0080B1B7 /* UIKit.framework */,
				FD2C35C3178A305A0080B1B7 /* Foundation.framework */,
				FD2C35C5178A305A0080B1B7 /* CoreGraphics.framework */,
				3E3AB62D7AE546C993AC6D44 /* libPods.a */,
			);
			name = Frameworks;
			sourceTree = "<group>";
		};
		FD2C35C7178A305A0080B1B7 /* ProjectR */ = {
			isa = PBXGroup;
			children = (
				FDDA6A521920667300757F96 /* Views */,
				FDDEA67C187FA19300C07EB8 /* Categories */,
				FDEF71661878F8F1002FA55F /* View Controllers */,
				FD5AA27517A8B100004B5269 /* Subnet Scanner */,
				FD275AB11792389800DA9786 /* AMX */,
				FD2C35C8178A305A0080B1B7 /* Supporting Files */,
				FD2C360B178A41EA0080B1B7 /* Model */,
				FD2C35D0178A305A0080B1B7 /* PJAppDelegate.h */,
				FD2C35D1178A305A0080B1B7 /* PJAppDelegate.m */,
				FD2C35D9178A305A0080B1B7 /* MainStoryboard_iPhone.storyboard */,
			);
			path = ProjectR;
			sourceTree = "<group>";
		};
		FD2C35C8178A305A0080B1B7 /* Supporting Files */ = {
			isa = PBXGroup;
			children = (
				FD1C4086192B05F4005B38B8 /* Resources */,
				FD2C35C9178A305A0080B1B7 /* ProjectR-Info.plist */,
				FD2C35CA178A305A0080B1B7 /* InfoPlist.strings */,
				FD2C35CD178A305A0080B1B7 /* main.m */,
				FD2C35CF178A305A0080B1B7 /* ProjectR-Prefix.pch */,
			);
			name = "Supporting Files";
			sourceTree = "<group>";
		};
		FD2C360B178A41EA0080B1B7 /* Model */ = {
			isa = PBXGroup;
			children = (
				FDDA57DA1793BA58007B49D0 /* PJProjectorManager.h */,
				FDDA57DB1793BA58007B49D0 /* PJProjectorManager.m */,
			);
			name = Model;
			sourceTree = "<group>";
		};
		FD5AA27517A8B100004B5269 /* Subnet Scanner */ = {
			isa = PBXGroup;
			children = (
				FDB9161117AC9B850098755A /* PJLinkSubnetScanner.h */,
				FDB9161217AC9B850098755A /* PJLinkSubnetScanner.m */,
				FD41B20317AE136C00502703 /* PJInterfaceInfo.h */,
				FD41B20417AE136C00502703 /* PJInterfaceInfo.m */,
			);
			name = "Subnet Scanner";
			sourceTree = "<group>";
		};
		FDDA6A521920667300757F96 /* Views */ = {
			isa = PBXGroup;
			children = (
				FDDA6A53192066AA00757F96 /* PJLabeledProgressView.h */,
				FDDA6A54192066AA00757F96 /* PJLabeledProgressView.m */,
				FD4EE0141925C18B0061B1C2 /* PJNoProjectorsTableViewCell.h */,
				FD4EE0151925C18B0061B1C2 /* PJNoProjectorsTableViewCell.m */,
				FD1C4083192AF4A0005B38B8 /* PJProjectorTableViewCell.h */,
				FD1C4084192AF4A0005B38B8 /* PJProjectorTableViewCell.m */,
				FD94CFAD192C1E7100C1DB05 /* PJProjectorInputPowerStatusView.h */,
				FD94CFAE192C1E7100C1DB05 /* PJProjectorInputPowerStatusView.m */,
				FD94CFB1192C479200C1DB05 /* PJProjectorTableViewCellDelegate.h */,
				FD32A58E19326A4C00047BA1 /* PJProjectorConnectionStateView.h */,
				FD32A58F19326A4C00047BA1 /* PJProjectorConnectionStateView.m */,
			);
			name = Views;
			sourceTree = "<group>";
		};
		FDDEA67C187FA19300C07EB8 /* Categories */ = {
			isa = PBXGroup;
			children = (
				FDDEA680187FA1E400C07EB8 /* NSIndexSet+NSIndexPath.h */,
				FDDEA681187FA1E400C07EB8 /* NSIndexSet+NSIndexPath.m */,
				FD0FED5D191FFC2400373AA6 /* UIImage+SolidColor.h */,
				FD0FED5E191FFC2400373AA6 /* UIImage+SolidColor.m */,
			);
			name = Categories;
			sourceTree = "<group>";
		};
		FDEF71661878F8F1002FA55F /* View Controllers */ = {
			isa = PBXGroup;
			children = (
				FD071ADC18765FD30020B192 /* PJProjectorDetailViewController.h */,
				FD071ADD18765FD30020B192 /* PJProjectorDetailViewController.m */,
				FDEF71671878F963002FA55F /* PJProjectorListViewController.h */,
				FDEF71681878F963002FA55F /* PJProjectorListViewController.m */,
				FDEF716A18791349002FA55F /* PJManualAddTableViewController.h */,
				FDEF716B18791349002FA55F /* PJManualAddTableViewController.m */,
				FDDAEE63188DFDB80015D2E3 /* PJSubnetScannerViewController.h */,
				FDDAEE64188DFDB80015D2E3 /* PJSubnetScannerViewController.m */,
				FD11FED21895DFFA00C69F96 /* PJBeaconListenerViewController.h */,
				FD11FED31895DFFA00C69F96 /* PJBeaconListenerViewController.m */,
			);
			name = "View Controllers";
			sourceTree = "<group>";
		};
/* End PBXGroup section */

/* Begin PBXNativeTarget section */
		FD2C35BD178A305A0080B1B7 /* ProjectR */ = {
			isa = PBXNativeTarget;
			buildConfigurationList = FD2C35E7178A305A0080B1B7 /* Build configuration list for PBXNativeTarget "ProjectR" */;
			buildPhases = (
				437C09CA474A497993E19FC5 /* Check Pods Manifest.lock */,
				FD2C35BA178A305A0080B1B7 /* Sources */,
				FD2C35BB178A305A0080B1B7 /* Frameworks */,
				FD2C35BC178A305A0080B1B7 /* Resources */,
				F18F3EB96D7B41EE88A27D4C /* Copy Pods Resources */,
			);
			buildRules = (
			);
			dependencies = (
			);
			name = ProjectR;
			productName = ProjectR;
			productReference = FD2C35BE178A305A0080B1B7 /* ProjectR.app */;
			productType = "com.apple.product-type.application";
		};
/* End PBXNativeTarget section */

/* Begin PBXProject section */
		FD2C35B6178A305A0080B1B7 /* Project object */ = {
			isa = PBXProject;
			attributes = {
				CLASSPREFIX = PJ;
				LastUpgradeCheck = 0460;
				ORGANIZATIONNAME = "Eric Hyche";
				TargetAttributes = {
					FD2C35BD178A305A0080B1B7 = {
						DevelopmentTeam = 82A2S5FGTA;
					};
				};
			};
			buildConfigurationList = FD2C35B9178A305A0080B1B7 /* Build configuration list for PBXProject "ProjectR" */;
			compatibilityVersion = "Xcode 3.2";
			developmentRegion = English;
			hasScannedForEncodings = 0;
			knownRegions = (
				en,
			);
			mainGroup = FD2C35B5178A305A0080B1B7;
			productRefGroup = FD2C35BF178A305A0080B1B7 /* Products */;
			projectDirPath = "";
			projectRoot = "";
			targets = (
				FD2C35BD178A305A0080B1B7 /* ProjectR */,
			);
		};
/* End PBXProject section */

/* Begin PBXResourcesBuildPhase section */
		FD2C35BC178A305A0080B1B7 /* Resources */ = {
			isa = PBXResourcesBuildPhase;
			buildActionMask = 2147483647;
			files = (
				FD1359B119358093001FF701 /* 935-power-socket-toolbar.png in Resources */,
				FD2C35CC178A305A0080B1B7 /* InfoPlist.strings in Resources */,
				FD1359B219358093001FF701 /* 935-power-socket-toolbar@2x.png in Resources */,
				FD1C4092192B0639005B38B8 /* projector_disconnected@2x.png in Resources */,
				FD1359B919358164001FF701 /* 946-microphone-toolbar.png in Resources */,
				FD1359BA19358164001FF701 /* 946-microphone-toolbar@2x.png in Resources */,
				FD26B2FE192EE63A0077F336 /* ProjectRAppIcon@2x.png in Resources */,
				FD1C408F192B0639005B38B8 /* projector_connecting1@2x.png in Resources */,
				FD1C408D192B0639005B38B8 /* projector_connected@2x.png in Resources */,
				FD2C35D4178A305A0080B1B7 /* Default.png in Resources */,
				FD26B2FB192EDDB80077F336 /* blue_rounded_rect.png in Resources */,
				FD1C408E192B0639005B38B8 /* projector_connecting0@2x.png in Resources */,
				FD5BDEE019340D22002B86DF /* blue_circle_selected@2x.png in Resources */,
				FD1359B619358114001FF701 /* 1078-join-path-toolbar@2x.png in Resources */,
				FD5BDEE119340D22002B86DF /* blue_circle.png in Resources */,
				FD26B2FC192EDDB80077F336 /* blue_rounded_rect@2x.png in Resources */,
				FD1359BE193581A0001FF701 /* 969-television-toolbar@2x.png in Resources */,
				FD2C35D6178A305A0080B1B7 /* Default@2x.png in Resources */,
				FD1C4090192B0639005B38B8 /* projector_connecting2@2x.png in Resources */,
				FD1C4091192B0639005B38B8 /* projector_connecting3@2x.png in Resources */,
				FD5BDEDF19340D22002B86DF /* blue_circle_selected.png in Resources */,
				FD5BDEE219340D22002B86DF /* blue_circle@2x.png in Resources */,
				FD26B300192EE6DD0077F336 /* ProjectRAppIcon.png in Resources */,
				FD1359BD193581A0001FF701 /* 969-television-toolbar.png in Resources */,
				FD1359B519358114001FF701 /* 1078-join-path-toolbar.png in Resources */,
				FD2C35D8178A305A0080B1B7 /* Default-568h@2x.png in Resources */,
				FD2C35DB178A305A0080B1B7 /* MainStoryboard_iPhone.storyboard in Resources */,
			);
			runOnlyForDeploymentPostprocessing = 0;
		};
/* End PBXResourcesBuildPhase section */

/* Begin PBXShellScriptBuildPhase section */
		437C09CA474A497993E19FC5 /* Check Pods Manifest.lock */ = {
			isa = PBXShellScriptBuildPhase;
			buildActionMask = 2147483647;
			files = (
			);
			inputPaths = (
			);
			name = "Check Pods Manifest.lock";
			outputPaths = (
			);
			runOnlyForDeploymentPostprocessing = 0;
			shellPath = /bin/sh;
			shellScript = "diff \"${PODS_ROOT}/../Podfile.lock\" \"${PODS_ROOT}/Manifest.lock\" > /dev/null\nif [[ $? != 0 ]] ; then\n    cat << EOM\nerror: The sandbox is not in sync with the Podfile.lock. Run 'pod install' or update your CocoaPods installation.\nEOM\n    exit 1\nfi\n";
		};
		F18F3EB96D7B41EE88A27D4C /* Copy Pods Resources */ = {
			isa = PBXShellScriptBuildPhase;
			buildActionMask = 2147483647;
			files = (
			);
			inputPaths = (
			);
			name = "Copy Pods Resources";
			outputPaths = (
			);
			runOnlyForDeploymentPostprocessing = 0;
			shellPath = /bin/sh;
			shellScript = "\"${SRCROOT}/Pods/Pods-resources.sh\"\n";
		};
/* End PBXShellScriptBuildPhase section */

/* Begin PBXSourcesBuildPhase section */
		FD2C35BA178A305A0080B1B7 /* Sources */ = {
			isa = PBXSourcesBuildPhase;
			buildActionMask = 2147483647;
			files = (
				FD32A59019326A4C00047BA1 /* PJProjectorConnectionStateView.m in Sources */,
				FD2C35CE178A305A0080B1B7 /* main.m in Sources */,
				FD0FED5F191FFC2400373AA6 /* UIImage+SolidColor.m in Sources */,
				FD2C35D2178A305A0080B1B7 /* PJAppDelegate.m in Sources */,
				FDDA6A55192066AA00757F96 /* PJLabeledProgressView.m in Sources */,
				FD11FED41895DFFA00C69F96 /* PJBeaconListenerViewController.m in Sources */,
				FD275AAF1792388100DA9786 /* PJAMXBeaconListener.m in Sources */,
				FD275AB4179238C300DA9786 /* PJAMXBeaconHost.m in Sources */,
				FD1C4085192AF4A0005B38B8 /* PJProjectorTableViewCell.m in Sources */,
				FDEF716C18791349002FA55F /* PJManualAddTableViewController.m in Sources */,
				FDDA57DC1793BA58007B49D0 /* PJProjectorManager.m in Sources */,
				FD94CFAF192C1E7100C1DB05 /* PJProjectorInputPowerStatusView.m in Sources */,
				FDB9161317AC9B850098755A /* PJLinkSubnetScanner.m in Sources */,
				FDDEA682187FA1E400C07EB8 /* NSIndexSet+NSIndexPath.m in Sources */,
				FDDAEE65188DFDB80015D2E3 /* PJSubnetScannerViewController.m in Sources */,
				FD41B20517AE136C00502703 /* PJInterfaceInfo.m in Sources */,
				FD4EE0161925C18B0061B1C2 /* PJNoProjectorsTableViewCell.m in Sources */,
				FD071ADE18765FD30020B192 /* PJProjectorDetailViewController.m in Sources */,
				FDEF71691878F963002FA55F /* PJProjectorListViewController.m in Sources */,
			);
			runOnlyForDeploymentPostprocessing = 0;
		};
/* End PBXSourcesBuildPhase section */

/* Begin PBXVariantGroup section */
		FD2C35CA178A305A0080B1B7 /* InfoPlist.strings */ = {
			isa = PBXVariantGroup;
			children = (
				FD2C35CB178A305A0080B1B7 /* en */,
			);
			name = InfoPlist.strings;
			sourceTree = "<group>";
		};
		FD2C35D9178A305A0080B1B7 /* MainStoryboard_iPhone.storyboard */ = {
			isa = PBXVariantGroup;
			children = (
				FD2C35DA178A305A0080B1B7 /* en */,
			);
			name = MainStoryboard_iPhone.storyboard;
			sourceTree = "<group>";
		};
/* End PBXVariantGroup section */

/* Begin XCBuildConfiguration section */
		FD2C35E5178A305A0080B1B7 /* Debug */ = {
			isa = XCBuildConfiguration;
			buildSettings = {
				ALWAYS_SEARCH_USER_PATHS = NO;
				CLANG_CXX_LANGUAGE_STANDARD = "gnu++0x";
				CLANG_CXX_LIBRARY = "libc++";
				CLANG_ENABLE_OBJC_ARC = YES;
				CLANG_WARN_CONSTANT_CONVERSION = YES;
				CLANG_WARN_EMPTY_BODY = YES;
				CLANG_WARN_ENUM_CONVERSION = YES;
				CLANG_WARN_INT_CONVERSION = YES;
				CLANG_WARN__DUPLICATE_METHOD_MATCH = YES;
				"CODE_SIGN_IDENTITY[sdk=iphoneos*]" = "iPhone Developer";
				COPY_PHASE_STRIP = NO;
				GCC_C_LANGUAGE_STANDARD = gnu99;
				GCC_DYNAMIC_NO_PIC = NO;
				GCC_OPTIMIZATION_LEVEL = 0;
				GCC_PREPROCESSOR_DEFINITIONS = (
					"DEBUG=1",
					"$(inherited)",
				);
				GCC_SYMBOLS_PRIVATE_EXTERN = NO;
				GCC_WARN_ABOUT_RETURN_TYPE = YES;
				GCC_WARN_UNINITIALIZED_AUTOS = YES;
				GCC_WARN_UNUSED_VARIABLE = YES;
				IPHONEOS_DEPLOYMENT_TARGET = 6.1;
				ONLY_ACTIVE_ARCH = YES;
				SDKROOT = iphoneos;
				TARGETED_DEVICE_FAMILY = "1,2";
			};
			name = Debug;
		};
		FD2C35E6178A305A0080B1B7 /* Release */ = {
			isa = XCBuildConfiguration;
			buildSettings = {
				ALWAYS_SEARCH_USER_PATHS = NO;
				CLANG_CXX_LANGUAGE_STANDARD = "gnu++0x";
				CLANG_CXX_LIBRARY = "libc++";
				CLANG_ENABLE_OBJC_ARC = YES;
				CLANG_WARN_CONSTANT_CONVERSION = YES;
				CLANG_WARN_EMPTY_BODY = YES;
				CLANG_WARN_ENUM_CONVERSION = YES;
				CLANG_WARN_INT_CONVERSION = YES;
				CLANG_WARN__DUPLICATE_METHOD_MATCH = YES;
				"CODE_SIGN_IDENTITY[sdk=iphoneos*]" = "iPhone Developer";
				COPY_PHASE_STRIP = YES;
				GCC_C_LANGUAGE_STANDARD = gnu99;
				GCC_WARN_ABOUT_RETURN_TYPE = YES;
				GCC_WARN_UNINITIALIZED_AUTOS = YES;
				GCC_WARN_UNUSED_VARIABLE = YES;
				IPHONEOS_DEPLOYMENT_TARGET = 6.1;
				OTHER_CFLAGS = "-DNS_BLOCK_ASSERTIONS=1";
				SDKROOT = iphoneos;
				TARGETED_DEVICE_FAMILY = "1,2";
				VALIDATE_PRODUCT = YES;
			};
			name = Release;
		};
		FD2C35E8178A305A0080B1B7 /* Debug */ = {
			isa = XCBuildConfiguration;
			baseConfigurationReference = 6B27D3B044CC4AFEB5884882 /* Pods.xcconfig */;
			buildSettings = {
				CODE_SIGN_IDENTITY = "iPhone Developer";
				"CODE_SIGN_IDENTITY[sdk=iphoneos*]" = "iPhone Developer";
				FRAMEWORK_SEARCH_PATHS = (
					"$(inherited)",
					"/Users/ehyche/Downloads/Reveal.app/Contents/SharedSupport/iOS-Libraries",
				);
				GCC_PRECOMPILE_PREFIX_HEADER = YES;
				GCC_PREFIX_HEADER = "ProjectR/ProjectR-Prefix.pch";
				INFOPLIST_FILE = "ProjectR/ProjectR-Info.plist";
				PRODUCT_NAME = "$(TARGET_NAME)";
				PROVISIONING_PROFILE = "";
				TARGETED_DEVICE_FAMILY = 1;
				WRAPPER_EXTENSION = app;
			};
			name = Debug;
		};
		FD2C35E9178A305A0080B1B7 /* Release */ = {
			isa = XCBuildConfiguration;
			baseConfigurationReference = 6B27D3B044CC4AFEB5884882 /* Pods.xcconfig */;
			buildSettings = {
				CODE_SIGN_IDENTITY = "iPhone Developer";
				"CODE_SIGN_IDENTITY[sdk=iphoneos*]" = "iPhone Developer";
				FRAMEWORK_SEARCH_PATHS = (
					"$(inherited)",
					"/Users/ehyche/Downloads/Reveal.app/Contents/SharedSupport/iOS-Libraries",
				);
				GCC_PRECOMPILE_PREFIX_HEADER = YES;
				GCC_PREFIX_HEADER = "ProjectR/ProjectR-Prefix.pch";
				INFOPLIST_FILE = "ProjectR/ProjectR-Info.plist";
				PRODUCT_NAME = "$(TARGET_NAME)";
				PROVISIONING_PROFILE = "";
				TARGETED_DEVICE_FAMILY = 1;
				WRAPPER_EXTENSION = app;
			};
			name = Release;
		};
/* End XCBuildConfiguration section */

/* Begin XCConfigurationList section */
		FD2C35B9178A305A0080B1B7 /* Build configuration list for PBXProject "ProjectR" */ = {
			isa = XCConfigurationList;
			buildConfigurations = (
				FD2C35E5178A305A0080B1B7 /* Debug */,
				FD2C35E6178A305A0080B1B7 /* Release */,
			);
			defaultConfigurationIsVisible = 0;
			defaultConfigurationName = Release;
		};
		FD2C35E7178A305A0080B1B7 /* Build configuration list for PBXNativeTarget "ProjectR" */ = {
			isa = XCConfigurationList;
			buildConfigurations = (
				FD2C35E8178A305A0080B1B7 /* Debug */,
				FD2C35E9178A305A0080B1B7 /* Release */,
			);
			defaultConfigurationIsVisible = 0;
			defaultConfigurationName = Release;
		};
/* End XCConfigurationList section */
	};
	rootObject = FD2C35B6178A305A0080B1B7 /* Project object */;
}
