// !$*UTF8*$!
{
	archiveVersion = 1;
	classes = {
	};
	objectVersion = 46;
	objects = {

/* Begin PBXBuildFile section */
		2BF8F08CA0A44E92BD0E14AF /* libPods.a in Frameworks */ = {isa = PBXBuildFile; fileRef = 3E3AB62D7AE546C993AC6D44 /* libPods.a */; };
		FD071ADE18765FD30020B192 /* PJProjectorDetailViewController.m in Sources */ = {isa = PBXBuildFile; fileRef = FD071ADD18765FD30020B192 /* PJProjectorDetailViewController.m */; };
		FD275AAF1792388100DA9786 /* PJAMXBeaconListener.m in Sources */ = {isa = PBXBuildFile; fileRef = FD275AAE1792388100DA9786 /* PJAMXBeaconListener.m */; };
		FD275AB4179238C300DA9786 /* PJAMXBeaconHost.m in Sources */ = {isa = PBXBuildFile; fileRef = FD275AB3179238C300DA9786 /* PJAMXBeaconHost.m */; };
		FD2C35C2178A305A0080B1B7 /* UIKit.framework in Frameworks */ = {isa = PBXBuildFile; fileRef = FD2C35C1178A305A0080B1B7 /* UIKit.framework */; };
		FD2C35C4178A305A0080B1B7 /* Foundation.framework in Frameworks */ = {isa = PBXBuildFile; fileRef = FD2C35C3178A305A0080B1B7 /* Foundation.framework */; };
		FD2C35C6178A305A0080B1B7 /* CoreGraphics.framework in Frameworks */ = {isa = PBXBuildFile; fileRef = FD2C35C5178A305A0080B1B7 /* CoreGraphics.framework */; };
		FD2C35CC178A305A0080B1B7 /* InfoPlist.strings in Resources */ = {isa = PBXBuildFile; fileRef = FD2C35CA178A305A0080B1B7 /* InfoPlist.strings */; };
		FD2C35CE178A305A0080B1B7 /* main.m in Sources */ = {isa = PBXBuildFile; fileRef = FD2C35CD178A305A0080B1B7 /* main.m */; };
		FD2C35D2178A305A0080B1B7 /* PJAppDelegate.m in Sources */ = {isa = PBXBuildFile; fileRef = FD2C35D1178A305A0080B1B7 /* PJAppDelegate.m */; };
		FD2C35D4178A305A0080B1B7 /* Default.png in Resources */ = {isa = PBXBuildFile; fileRef = FD2C35D3178A305A0080B1B7 /* Default.png */; };
		FD2C35D6178A305A0080B1B7 /* Default@2x.png in Resources */ = {isa = PBXBuildFile; fileRef = FD2C35D5178A305A0080B1B7 /* Default@2x.png */; };
		FD2C35D8178A305A0080B1B7 /* Default-568h@2x.png in Resources */ = {isa = PBXBuildFile; fileRef = FD2C35D7178A305A0080B1B7 /* Default-568h@2x.png */; };
		FD2C35DB178A305A0080B1B7 /* MainStoryboard_iPhone.storyboard in Resources */ = {isa = PBXBuildFile; fileRef = FD2C35D9178A305A0080B1B7 /* MainStoryboard_iPhone.storyboard */; };
		FD2C35E1178A305A0080B1B7 /* PJMasterViewController.m in Sources */ = {isa = PBXBuildFile; fileRef = FD2C35E0178A305A0080B1B7 /* PJMasterViewController.m */; };
		FD2C35E4178A305A0080B1B7 /* PJDetailViewController.m in Sources */ = {isa = PBXBuildFile; fileRef = FD2C35E3178A305A0080B1B7 /* PJDetailViewController.m */; };
		FD41B20017ADE52E00502703 /* PJDiscoveredTableViewController.m in Sources */ = {isa = PBXBuildFile; fileRef = FD41B1FF17ADE52E00502703 /* PJDiscoveredTableViewController.m */; };
		FD41B20517AE136C00502703 /* PJInterfaceInfo.m in Sources */ = {isa = PBXBuildFile; fileRef = FD41B20417AE136C00502703 /* PJInterfaceInfo.m */; };
		FD5D2C1217AEEAD700420D9A /* PJManualAddViewController.m in Sources */ = {isa = PBXBuildFile; fileRef = FD5D2C1117AEEAD700420D9A /* PJManualAddViewController.m */; };
		FD6019A817B34102002F4D4E /* PJProjectorDetailTableViewController.m in Sources */ = {isa = PBXBuildFile; fileRef = FD6019A717B34102002F4D4E /* PJProjectorDetailTableViewController.m */; };
		FDB9161317AC9B850098755A /* PJLinkSubnetScanner.m in Sources */ = {isa = PBXBuildFile; fileRef = FDB9161217AC9B850098755A /* PJLinkSubnetScanner.m */; };
		FDBCD5F917B4912900C1E03E /* PJInputSelectTableViewController.m in Sources */ = {isa = PBXBuildFile; fileRef = FDBCD5F817B4912900C1E03E /* PJInputSelectTableViewController.m */; };
		FDDA57DC1793BA58007B49D0 /* PJProjectorManager.m in Sources */ = {isa = PBXBuildFile; fileRef = FDDA57DB1793BA58007B49D0 /* PJProjectorManager.m */; };
		FDEF71691878F963002FA55F /* PJProjectorListViewController.m in Sources */ = {isa = PBXBuildFile; fileRef = FDEF71681878F963002FA55F /* PJProjectorListViewController.m */; };
		FDEF716C18791349002FA55F /* PJManualAddTableViewController.m in Sources */ = {isa = PBXBuildFile; fileRef = FDEF716B18791349002FA55F /* PJManualAddTableViewController.m */; };
/* End PBXBuildFile section */

/* Begin PBXFileReference section */
		3E3AB62D7AE546C993AC6D44 /* libPods.a */ = {isa = PBXFileReference; explicitFileType = archive.ar; includeInIndex = 0; path = libPods.a; sourceTree = BUILT_PRODUCTS_DIR; };
		6B27D3B044CC4AFEB5884882 /* Pods.xcconfig */ = {isa = PBXFileReference; includeInIndex = 1; lastKnownFileType = text.xcconfig; name = Pods.xcconfig; path = Pods/Pods.xcconfig; sourceTree = SOURCE_ROOT; };
		FD071ADC18765FD30020B192 /* PJProjectorDetailViewController.h */ = {isa = PBXFileReference; fileEncoding = 4; lastKnownFileType = sourcecode.c.h; path = PJProjectorDetailViewController.h; sourceTree = "<group>"; };
		FD071ADD18765FD30020B192 /* PJProjectorDetailViewController.m */ = {isa = PBXFileReference; fileEncoding = 4; lastKnownFileType = sourcecode.c.objc; path = PJProjectorDetailViewController.m; sourceTree = "<group>"; };
		FD275AAD1792388100DA9786 /* PJAMXBeaconListener.h */ = {isa = PBXFileReference; fileEncoding = 4; lastKnownFileType = sourcecode.c.h; name = PJAMXBeaconListener.h; path = AMX/PJAMXBeaconListener.h; sourceTree = "<group>"; };
		FD275AAE1792388100DA9786 /* PJAMXBeaconListener.m */ = {isa = PBXFileReference; fileEncoding = 4; lastKnownFileType = sourcecode.c.objc; name = PJAMXBeaconListener.m; path = AMX/PJAMXBeaconListener.m; sourceTree = "<group>"; };
		FD275AB2179238C300DA9786 /* PJAMXBeaconHost.h */ = {isa = PBXFileReference; fileEncoding = 4; lastKnownFileType = sourcecode.c.h; name = PJAMXBeaconHost.h; path = AMX/PJAMXBeaconHost.h; sourceTree = "<group>"; };
		FD275AB3179238C300DA9786 /* PJAMXBeaconHost.m */ = {isa = PBXFileReference; fileEncoding = 4; lastKnownFileType = sourcecode.c.objc; name = PJAMXBeaconHost.m; path = AMX/PJAMXBeaconHost.m; sourceTree = "<group>"; };
		FD2C35BE178A305A0080B1B7 /* ProjectR.app */ = {isa = PBXFileReference; explicitFileType = wrapper.application; includeInIndex = 0; path = ProjectR.app; sourceTree = BUILT_PRODUCTS_DIR; };
		FD2C35C1178A305A0080B1B7 /* UIKit.framework */ = {isa = PBXFileReference; lastKnownFileType = wrapper.framework; name = UIKit.framework; path = System/Library/Frameworks/UIKit.framework; sourceTree = SDKROOT; };
		FD2C35C3178A305A0080B1B7 /* Foundation.framework */ = {isa = PBXFileReference; lastKnownFileType = wrapper.framework; name = Foundation.framework; path = System/Library/Frameworks/Foundation.framework; sourceTree = SDKROOT; };
		FD2C35C5178A305A0080B1B7 /* CoreGraphics.framework */ = {isa = PBXFileReference; lastKnownFileType = wrapper.framework; name = CoreGraphics.framework; path = System/Library/Frameworks/CoreGraphics.framework; sourceTree = SDKROOT; };
		FD2C35C9178A305A0080B1B7 /* ProjectR-Info.plist */ = {isa = PBXFileReference; lastKnownFileType = text.plist.xml; path = "ProjectR-Info.plist"; sourceTree = "<group>"; };
		FD2C35CB178A305A0080B1B7 /* en */ = {isa = PBXFileReference; lastKnownFileType = text.plist.strings; name = en; path = en.lproj/InfoPlist.strings; sourceTree = "<group>"; };
		FD2C35CD178A305A0080B1B7 /* main.m */ = {isa = PBXFileReference; lastKnownFileType = sourcecode.c.objc; path = main.m; sourceTree = "<group>"; };
		FD2C35CF178A305A0080B1B7 /* ProjectR-Prefix.pch */ = {isa = PBXFileReference; lastKnownFileType = sourcecode.c.h; path = "ProjectR-Prefix.pch"; sourceTree = "<group>"; };
		FD2C35D0178A305A0080B1B7 /* PJAppDelegate.h */ = {isa = PBXFileReference; lastKnownFileType = sourcecode.c.h; path = PJAppDelegate.h; sourceTree = "<group>"; };
		FD2C35D1178A305A0080B1B7 /* PJAppDelegate.m */ = {isa = PBXFileReference; lastKnownFileType = sourcecode.c.objc; path = PJAppDelegate.m; sourceTree = "<group>"; };
		FD2C35D3178A305A0080B1B7 /* Default.png */ = {isa = PBXFileReference; lastKnownFileType = image.png; path = Default.png; sourceTree = "<group>"; };
		FD2C35D5178A305A0080B1B7 /* Default@2x.png */ = {isa = PBXFileReference; lastKnownFileType = image.png; path = "Default@2x.png"; sourceTree = "<group>"; };
		FD2C35D7178A305A0080B1B7 /* Default-568h@2x.png */ = {isa = PBXFileReference; lastKnownFileType = image.png; path = "Default-568h@2x.png"; sourceTree = "<group>"; };
		FD2C35DA178A305A0080B1B7 /* en */ = {isa = PBXFileReference; lastKnownFileType = file.storyboard; name = en; path = en.lproj/MainStoryboard_iPhone.storyboard; sourceTree = "<group>"; };
		FD2C35DF178A305A0080B1B7 /* PJMasterViewController.h */ = {isa = PBXFileReference; lastKnownFileType = sourcecode.c.h; path = PJMasterViewController.h; sourceTree = "<group>"; };
		FD2C35E0178A305A0080B1B7 /* PJMasterViewController.m */ = {isa = PBXFileReference; lastKnownFileType = sourcecode.c.objc; path = PJMasterViewController.m; sourceTree = "<group>"; };
		FD2C35E2178A305A0080B1B7 /* PJDetailViewController.h */ = {isa = PBXFileReference; lastKnownFileType = sourcecode.c.h; path = PJDetailViewController.h; sourceTree = "<group>"; };
		FD2C35E3178A305A0080B1B7 /* PJDetailViewController.m */ = {isa = PBXFileReference; lastKnownFileType = sourcecode.c.objc; path = PJDetailViewController.m; sourceTree = "<group>"; };
		FD41B1FE17ADE52E00502703 /* PJDiscoveredTableViewController.h */ = {isa = PBXFileReference; fileEncoding = 4; lastKnownFileType = sourcecode.c.h; path = PJDiscoveredTableViewController.h; sourceTree = "<group>"; };
		FD41B1FF17ADE52E00502703 /* PJDiscoveredTableViewController.m */ = {isa = PBXFileReference; fileEncoding = 4; lastKnownFileType = sourcecode.c.objc; path = PJDiscoveredTableViewController.m; sourceTree = "<group>"; };
		FD41B20317AE136C00502703 /* PJInterfaceInfo.h */ = {isa = PBXFileReference; fileEncoding = 4; lastKnownFileType = sourcecode.c.h; path = PJInterfaceInfo.h; sourceTree = "<group>"; };
		FD41B20417AE136C00502703 /* PJInterfaceInfo.m */ = {isa = PBXFileReference; fileEncoding = 4; lastKnownFileType = sourcecode.c.objc; path = PJInterfaceInfo.m; sourceTree = "<group>"; };
		FD5D2C1017AEEAD700420D9A /* PJManualAddViewController.h */ = {isa = PBXFileReference; fileEncoding = 4; lastKnownFileType = sourcecode.c.h; path = PJManualAddViewController.h; sourceTree = "<group>"; };
		FD5D2C1117AEEAD700420D9A /* PJManualAddViewController.m */ = {isa = PBXFileReference; fileEncoding = 4; lastKnownFileType = sourcecode.c.objc; path = PJManualAddViewController.m; sourceTree = "<group>"; };
		FD6019A617B34102002F4D4E /* PJProjectorDetailTableViewController.h */ = {isa = PBXFileReference; fileEncoding = 4; lastKnownFileType = sourcecode.c.h; path = PJProjectorDetailTableViewController.h; sourceTree = "<group>"; };
		FD6019A717B34102002F4D4E /* PJProjectorDetailTableViewController.m */ = {isa = PBXFileReference; fileEncoding = 4; lastKnownFileType = sourcecode.c.objc; path = PJProjectorDetailTableViewController.m; sourceTree = "<group>"; };
		FD9ED18F17AF0CDE0077AF48 /* PJLinkAddProjectorDelegate.h */ = {isa = PBXFileReference; lastKnownFileType = sourcecode.c.h; path = PJLinkAddProjectorDelegate.h; sourceTree = "<group>"; };
		FDB9161117AC9B850098755A /* PJLinkSubnetScanner.h */ = {isa = PBXFileReference; fileEncoding = 4; lastKnownFileType = sourcecode.c.h; name = PJLinkSubnetScanner.h; path = SubnetScanner/PJLinkSubnetScanner.h; sourceTree = "<group>"; };
		FDB9161217AC9B850098755A /* PJLinkSubnetScanner.m */ = {isa = PBXFileReference; fileEncoding = 4; lastKnownFileType = sourcecode.c.objc; name = PJLinkSubnetScanner.m; path = SubnetScanner/PJLinkSubnetScanner.m; sourceTree = "<group>"; };
		FDBCD5F717B4912900C1E03E /* PJInputSelectTableViewController.h */ = {isa = PBXFileReference; fileEncoding = 4; lastKnownFileType = sourcecode.c.h; path = PJInputSelectTableViewController.h; sourceTree = "<group>"; };
		FDBCD5F817B4912900C1E03E /* PJInputSelectTableViewController.m */ = {isa = PBXFileReference; fileEncoding = 4; lastKnownFileType = sourcecode.c.objc; path = PJInputSelectTableViewController.m; sourceTree = "<group>"; };
		FDDA57DA1793BA58007B49D0 /* PJProjectorManager.h */ = {isa = PBXFileReference; fileEncoding = 4; lastKnownFileType = sourcecode.c.h; name = PJProjectorManager.h; path = Model/PJProjectorManager.h; sourceTree = "<group>"; };
		FDDA57DB1793BA58007B49D0 /* PJProjectorManager.m */ = {isa = PBXFileReference; fileEncoding = 4; lastKnownFileType = sourcecode.c.objc; name = PJProjectorManager.m; path = Model/PJProjectorManager.m; sourceTree = "<group>"; };
		FDEF71671878F963002FA55F /* PJProjectorListViewController.h */ = {isa = PBXFileReference; fileEncoding = 4; lastKnownFileType = sourcecode.c.h; path = PJProjectorListViewController.h; sourceTree = "<group>"; };
		FDEF71681878F963002FA55F /* PJProjectorListViewController.m */ = {isa = PBXFileReference; fileEncoding = 4; lastKnownFileType = sourcecode.c.objc; path = PJProjectorListViewController.m; sourceTree = "<group>"; };
		FDEF716A18791349002FA55F /* PJManualAddTableViewController.h */ = {isa = PBXFileReference; fileEncoding = 4; lastKnownFileType = sourcecode.c.h; path = PJManualAddTableViewController.h; sourceTree = "<group>"; };
		FDEF716B18791349002FA55F /* PJManualAddTableViewController.m */ = {isa = PBXFileReference; fileEncoding = 4; lastKnownFileType = sourcecode.c.objc; path = PJManualAddTableViewController.m; sourceTree = "<group>"; };
/* End PBXFileReference section */

/* Begin PBXFrameworksBuildPhase section */
		FD2C35BB178A305A0080B1B7 /* Frameworks */ = {
			isa = PBXFrameworksBuildPhase;
			buildActionMask = 2147483647;
			files = (
				FD2C35C2178A305A0080B1B7 /* UIKit.framework in Frameworks */,
				FD2C35C4178A305A0080B1B7 /* Foundation.framework in Frameworks */,
				FD2C35C6178A305A0080B1B7 /* CoreGraphics.framework in Frameworks */,
				2BF8F08CA0A44E92BD0E14AF /* libPods.a in Frameworks */,
			);
			runOnlyForDeploymentPostprocessing = 0;
		};
/* End PBXFrameworksBuildPhase section */

/* Begin PBXGroup section */
		FD275AB11792389800DA9786 /* AMX */ = {
			isa = PBXGroup;
			children = (
				FD275AAD1792388100DA9786 /* PJAMXBeaconListener.h */,
				FD275AAE1792388100DA9786 /* PJAMXBeaconListener.m */,
				FD275AB2179238C300DA9786 /* PJAMXBeaconHost.h */,
				FD275AB3179238C300DA9786 /* PJAMXBeaconHost.m */,
			);
			name = AMX;
			sourceTree = "<group>";
		};
		FD2C35B5178A305A0080B1B7 = {
			isa = PBXGroup;
			children = (
				FD2C35C7178A305A0080B1B7 /* ProjectR */,
				FD2C35C0178A305A0080B1B7 /* Frameworks */,
				FD2C35BF178A305A0080B1B7 /* Products */,
				6B27D3B044CC4AFEB5884882 /* Pods.xcconfig */,
			);
			sourceTree = "<group>";
		};
		FD2C35BF178A305A0080B1B7 /* Products */ = {
			isa = PBXGroup;
			children = (
				FD2C35BE178A305A0080B1B7 /* ProjectR.app */,
			);
			name = Products;
			sourceTree = "<group>";
		};
		FD2C35C0178A305A0080B1B7 /* Frameworks */ = {
			isa = PBXGroup;
			children = (
				FD2C35C1178A305A0080B1B7 /* UIKit.framework */,
				FD2C35C3178A305A0080B1B7 /* Foundation.framework */,
				FD2C35C5178A305A0080B1B7 /* CoreGraphics.framework */,
				3E3AB62D7AE546C993AC6D44 /* libPods.a */,
			);
			name = Frameworks;
			sourceTree = "<group>";
		};
		FD2C35C7178A305A0080B1B7 /* ProjectR */ = {
			isa = PBXGroup;
			children = (
				FDEF71661878F8F1002FA55F /* View Controllers */,
				FD5AA27517A8B100004B5269 /* Subnet Scanner */,
				FD275AB11792389800DA9786 /* AMX */,
				FD2C35C8178A305A0080B1B7 /* Supporting Files */,
				FD2C360B178A41EA0080B1B7 /* Model */,
				FD2C35D0178A305A0080B1B7 /* PJAppDelegate.h */,
				FD2C35D1178A305A0080B1B7 /* PJAppDelegate.m */,
				FD2C35D9178A305A0080B1B7 /* MainStoryboard_iPhone.storyboard */,
				FD2C35DF178A305A0080B1B7 /* PJMasterViewController.h */,
				FD2C35E0178A305A0080B1B7 /* PJMasterViewController.m */,
				FD2C35E2178A305A0080B1B7 /* PJDetailViewController.h */,
				FD2C35E3178A305A0080B1B7 /* PJDetailViewController.m */,
				FD41B1FE17ADE52E00502703 /* PJDiscoveredTableViewController.h */,
				FD41B1FF17ADE52E00502703 /* PJDiscoveredTableViewController.m */,
				FD5D2C1017AEEAD700420D9A /* PJManualAddViewController.h */,
				FD5D2C1117AEEAD700420D9A /* PJManualAddViewController.m */,
				FD9ED18F17AF0CDE0077AF48 /* PJLinkAddProjectorDelegate.h */,
				FD6019A617B34102002F4D4E /* PJProjectorDetailTableViewController.h */,
				FD6019A717B34102002F4D4E /* PJProjectorDetailTableViewController.m */,
				FDBCD5F717B4912900C1E03E /* PJInputSelectTableViewController.h */,
				FDBCD5F817B4912900C1E03E /* PJInputSelectTableViewController.m */,
			);
			path = ProjectR;
			sourceTree = "<group>";
		};
		FD2C35C8178A305A0080B1B7 /* Supporting Files */ = {
			isa = PBXGroup;
			children = (
				FD2C35C9178A305A0080B1B7 /* ProjectR-Info.plist */,
				FD2C35CA178A305A0080B1B7 /* InfoPlist.strings */,
				FD2C35CD178A305A0080B1B7 /* main.m */,
				FD2C35CF178A305A0080B1B7 /* ProjectR-Prefix.pch */,
				FD2C35D3178A305A0080B1B7 /* Default.png */,
				FD2C35D5178A305A0080B1B7 /* Default@2x.png */,
				FD2C35D7178A305A0080B1B7 /* Default-568h@2x.png */,
			);
			name = "Supporting Files";
			sourceTree = "<group>";
		};
		FD2C360B178A41EA0080B1B7 /* Model */ = {
			isa = PBXGroup;
			children = (
				FDDA57DA1793BA58007B49D0 /* PJProjectorManager.h */,
				FDDA57DB1793BA58007B49D0 /* PJProjectorManager.m */,
			);
			name = Model;
			sourceTree = "<group>";
		};
		FD5AA27517A8B100004B5269 /* Subnet Scanner */ = {
			isa = PBXGroup;
			children = (
				FDB9161117AC9B850098755A /* PJLinkSubnetScanner.h */,
				FDB9161217AC9B850098755A /* PJLinkSubnetScanner.m */,
				FD41B20317AE136C00502703 /* PJInterfaceInfo.h */,
				FD41B20417AE136C00502703 /* PJInterfaceInfo.m */,
			);
			name = "Subnet Scanner";
			sourceTree = "<group>";
		};
		FDEF71661878F8F1002FA55F /* View Controllers */ = {
			isa = PBXGroup;
			children = (
				FD071ADC18765FD30020B192 /* PJProjectorDetailViewController.h */,
				FD071ADD18765FD30020B192 /* PJProjectorDetailViewController.m */,
				FDEF71671878F963002FA55F /* PJProjectorListViewController.h */,
				FDEF71681878F963002FA55F /* PJProjectorListViewController.m */,
				FDEF716A18791349002FA55F /* PJManualAddTableViewController.h */,
				FDEF716B18791349002FA55F /* PJManualAddTableViewController.m */,
			);
			name = "View Controllers";
			sourceTree = "<group>";
		};
/* End PBXGroup section */

/* Begin PBXNativeTarget section */
		FD2C35BD178A305A0080B1B7 /* ProjectR */ = {
			isa = PBXNativeTarget;
			buildConfigurationList = FD2C35E7178A305A0080B1B7 /* Build configuration list for PBXNativeTarget "ProjectR" */;
			buildPhases = (
				437C09CA474A497993E19FC5 /* Check Pods Manifest.lock */,
				FD2C35BA178A305A0080B1B7 /* Sources */,
				FD2C35BB178A305A0080B1B7 /* Frameworks */,
				FD2C35BC178A305A0080B1B7 /* Resources */,
				F18F3EB96D7B41EE88A27D4C /* Copy Pods Resources */,
			);
			buildRules = (
			);
			dependencies = (
			);
			name = ProjectR;
			productName = ProjectR;
			productReference = FD2C35BE178A305A0080B1B7 /* ProjectR.app */;
			productType = "com.apple.product-type.application";
		};
/* End PBXNativeTarget section */

/* Begin PBXProject section */
		FD2C35B6178A305A0080B1B7 /* Project object */ = {
			isa = PBXProject;
			attributes = {
				CLASSPREFIX = PJ;
				LastUpgradeCheck = 0460;
				ORGANIZATIONNAME = "Eric Hyche";
			};
			buildConfigurationList = FD2C35B9178A305A0080B1B7 /* Build configuration list for PBXProject "ProjectR" */;
			compatibilityVersion = "Xcode 3.2";
			developmentRegion = English;
			hasScannedForEncodings = 0;
			knownRegions = (
				en,
			);
			mainGroup = FD2C35B5178A305A0080B1B7;
			productRefGroup = FD2C35BF178A305A0080B1B7 /* Products */;
			projectDirPath = "";
			projectRoot = "";
			targets = (
				FD2C35BD178A305A0080B1B7 /* ProjectR */,
			);
		};
/* End PBXProject section */

/* Begin PBXResourcesBuildPhase section */
		FD2C35BC178A305A0080B1B7 /* Resources */ = {
			isa = PBXResourcesBuildPhase;
			buildActionMask = 2147483647;
			files = (
				FD2C35CC178A305A0080B1B7 /* InfoPlist.strings in Resources */,
				FD2C35D4178A305A0080B1B7 /* Default.png in Resources */,
				FD2C35D6178A305A0080B1B7 /* Default@2x.png in Resources */,
				FD2C35D8178A305A0080B1B7 /* Default-568h@2x.png in Resources */,
				FD2C35DB178A305A0080B1B7 /* MainStoryboard_iPhone.storyboard in Resources */,
			);
			runOnlyForDeploymentPostprocessing = 0;
		};
/* End PBXResourcesBuildPhase section */

/* Begin PBXShellScriptBuildPhase section */
		437C09CA474A497993E19FC5 /* Check Pods Manifest.lock */ = {
			isa = PBXShellScriptBuildPhase;
			buildActionMask = 2147483647;
			files = (
			);
			inputPaths = (
			);
			name = "Check Pods Manifest.lock";
			outputPaths = (
			);
			runOnlyForDeploymentPostprocessing = 0;
			shellPath = /bin/sh;
			shellScript = "diff \"${PODS_ROOT}/../Podfile.lock\" \"${PODS_ROOT}/Manifest.lock\" > /dev/null\nif [[ $? != 0 ]] ; then\n    cat << EOM\nerror: The sandbox is not in sync with the Podfile.lock. Run 'pod install' or update your CocoaPods installation.\nEOM\n    exit 1\nfi\n";
		};
		F18F3EB96D7B41EE88A27D4C /* Copy Pods Resources */ = {
			isa = PBXShellScriptBuildPhase;
			buildActionMask = 2147483647;
			files = (
			);
			inputPaths = (
			);
			name = "Copy Pods Resources";
			outputPaths = (
			);
			runOnlyForDeploymentPostprocessing = 0;
			shellPath = /bin/sh;
			shellScript = "\"${SRCROOT}/Pods/Pods-resources.sh\"\n";
		};
/* End PBXShellScriptBuildPhase section */

/* Begin PBXSourcesBuildPhase section */
		FD2C35BA178A305A0080B1B7 /* Sources */ = {
			isa = PBXSourcesBuildPhase;
			buildActionMask = 2147483647;
			files = (
				FD2C35CE178A305A0080B1B7 /* main.m in Sources */,
				FD2C35D2178A305A0080B1B7 /* PJAppDelegate.m in Sources */,
				FD2C35E1178A305A0080B1B7 /* PJMasterViewController.m in Sources */,
				FD2C35E4178A305A0080B1B7 /* PJDetailViewController.m in Sources */,
				FD275AAF1792388100DA9786 /* PJAMXBeaconListener.m in Sources */,
				FD275AB4179238C300DA9786 /* PJAMXBeaconHost.m in Sources */,
				FDEF716C18791349002FA55F /* PJManualAddTableViewController.m in Sources */,
				FDDA57DC1793BA58007B49D0 /* PJProjectorManager.m in Sources */,
				FDB9161317AC9B850098755A /* PJLinkSubnetScanner.m in Sources */,
				FD41B20017ADE52E00502703 /* PJDiscoveredTableViewController.m in Sources */,
				FD41B20517AE136C00502703 /* PJInterfaceInfo.m in Sources */,
				FD071ADE18765FD30020B192 /* PJProjectorDetailViewController.m in Sources */,
				FDEF71691878F963002FA55F /* PJProjectorListViewController.m in Sources */,
				FD5D2C1217AEEAD700420D9A /* PJManualAddViewController.m in Sources */,
				FD6019A817B34102002F4D4E /* PJProjectorDetailTableViewController.m in Sources */,
				FDBCD5F917B4912900C1E03E /* PJInputSelectTableViewController.m in Sources */,
			);
			runOnlyForDeploymentPostprocessing = 0;
		};
/* End PBXSourcesBuildPhase section */

/* Begin PBXVariantGroup section */
		FD2C35CA178A305A0080B1B7 /* InfoPlist.strings */ = {
			isa = PBXVariantGroup;
			children = (
				FD2C35CB178A305A0080B1B7 /* en */,
			);
			name = InfoPlist.strings;
			sourceTree = "<group>";
		};
		FD2C35D9178A305A0080B1B7 /* MainStoryboard_iPhone.storyboard */ = {
			isa = PBXVariantGroup;
			children = (
				FD2C35DA178A305A0080B1B7 /* en */,
			);
			name = MainStoryboard_iPhone.storyboard;
			sourceTree = "<group>";
		};
/* End PBXVariantGroup section */

/* Begin XCBuildConfiguration section */
		FD2C35E5178A305A0080B1B7 /* Debug */ = {
			isa = XCBuildConfiguration;
			buildSettings = {
				ALWAYS_SEARCH_USER_PATHS = NO;
				CLANG_CXX_LANGUAGE_STANDARD = "gnu++0x";
				CLANG_CXX_LIBRARY = "libc++";
				CLANG_ENABLE_OBJC_ARC = YES;
				CLANG_WARN_CONSTANT_CONVERSION = YES;
				CLANG_WARN_EMPTY_BODY = YES;
				CLANG_WARN_ENUM_CONVERSION = YES;
				CLANG_WARN_INT_CONVERSION = YES;
				CLANG_WARN__DUPLICATE_METHOD_MATCH = YES;
				"CODE_SIGN_IDENTITY[sdk=iphoneos*]" = "iPhone Developer";
				COPY_PHASE_STRIP = NO;
				GCC_C_LANGUAGE_STANDARD = gnu99;
				GCC_DYNAMIC_NO_PIC = NO;
				GCC_OPTIMIZATION_LEVEL = 0;
				GCC_PREPROCESSOR_DEFINITIONS = (
					"DEBUG=1",
					"$(inherited)",
				);
				GCC_SYMBOLS_PRIVATE_EXTERN = NO;
				GCC_WARN_ABOUT_RETURN_TYPE = YES;
				GCC_WARN_UNINITIALIZED_AUTOS = YES;
				GCC_WARN_UNUSED_VARIABLE = YES;
				IPHONEOS_DEPLOYMENT_TARGET = 6.1;
				ONLY_ACTIVE_ARCH = YES;
				SDKROOT = iphoneos;
				TARGETED_DEVICE_FAMILY = "1,2";
			};
			name = Debug;
		};
		FD2C35E6178A305A0080B1B7 /* Release */ = {
			isa = XCBuildConfiguration;
			buildSettings = {
				ALWAYS_SEARCH_USER_PATHS = NO;
				CLANG_CXX_LANGUAGE_STANDARD = "gnu++0x";
				CLANG_CXX_LIBRARY = "libc++";
				CLANG_ENABLE_OBJC_ARC = YES;
				CLANG_WARN_CONSTANT_CONVERSION = YES;
				CLANG_WARN_EMPTY_BODY = YES;
				CLANG_WARN_ENUM_CONVERSION = YES;
				CLANG_WARN_INT_CONVERSION = YES;
				CLANG_WARN__DUPLICATE_METHOD_MATCH = YES;
				"CODE_SIGN_IDENTITY[sdk=iphoneos*]" = "iPhone Developer";
				COPY_PHASE_STRIP = YES;
				GCC_C_LANGUAGE_STANDARD = gnu99;
				GCC_WARN_ABOUT_RETURN_TYPE = YES;
				GCC_WARN_UNINITIALIZED_AUTOS = YES;
				GCC_WARN_UNUSED_VARIABLE = YES;
				IPHONEOS_DEPLOYMENT_TARGET = 6.1;
				OTHER_CFLAGS = "-DNS_BLOCK_ASSERTIONS=1";
				SDKROOT = iphoneos;
				TARGETED_DEVICE_FAMILY = "1,2";
				VALIDATE_PRODUCT = YES;
			};
			name = Release;
		};
		FD2C35E8178A305A0080B1B7 /* Debug */ = {
			isa = XCBuildConfiguration;
			baseConfigurationReference = 6B27D3B044CC4AFEB5884882 /* Pods.xcconfig */;
			buildSettings = {
				GCC_PRECOMPILE_PREFIX_HEADER = YES;
				GCC_PREFIX_HEADER = "ProjectR/ProjectR-Prefix.pch";
				INFOPLIST_FILE = "ProjectR/ProjectR-Info.plist";
				PRODUCT_NAME = "$(TARGET_NAME)";
				TARGETED_DEVICE_FAMILY = 1;
				WRAPPER_EXTENSION = app;
			};
			name = Debug;
		};
		FD2C35E9178A305A0080B1B7 /* Release */ = {
			isa = XCBuildConfiguration;
			baseConfigurationReference = 6B27D3B044CC4AFEB5884882 /* Pods.xcconfig */;
			buildSettings = {
				GCC_PRECOMPILE_PREFIX_HEADER = YES;
				GCC_PREFIX_HEADER = "ProjectR/ProjectR-Prefix.pch";
				INFOPLIST_FILE = "ProjectR/ProjectR-Info.plist";
				PRODUCT_NAME = "$(TARGET_NAME)";
				TARGETED_DEVICE_FAMILY = 1;
				WRAPPER_EXTENSION = app;
			};
			name = Release;
		};
/* End XCBuildConfiguration section */

/* Begin XCConfigurationList section */
		FD2C35B9178A305A0080B1B7 /* Build configuration list for PBXProject "ProjectR" */ = {
			isa = XCConfigurationList;
			buildConfigurations = (
				FD2C35E5178A305A0080B1B7 /* Debug */,
				FD2C35E6178A305A0080B1B7 /* Release */,
			);
			defaultConfigurationIsVisible = 0;
			defaultConfigurationName = Release;
		};
		FD2C35E7178A305A0080B1B7 /* Build configuration list for PBXNativeTarget "ProjectR" */ = {
			isa = XCConfigurationList;
			buildConfigurations = (
				FD2C35E8178A305A0080B1B7 /* Debug */,
				FD2C35E9178A305A0080B1B7 /* Release */,
			);
			defaultConfigurationIsVisible = 0;
			defaultConfigurationName = Release;
		};
/* End XCConfigurationList section */
	};
	rootObject = FD2C35B6178A305A0080B1B7 /* Project object */;
}
