PODS:
  - AFNetworking (1.3.4)
  - CocoaAsyncSocket (7.3.5)
  - PJLinkCocoa (0.9.7):
    - AFNetworking (~> 1.3.0)
    - CocoaAsyncSocket (~> 7.0)

DEPENDENCIES:
  - PJLinkCocoa (= 0.9.7)

SPEC CHECKSUMS:
  AFNetworking: 80c4e0652b08eb34e25b9c0ff3c82556fe5967b4
  CocoaAsyncSocket: 45bdbbc1c0a5ed0640ff4c42af325ba43a2f099a
  PJLinkCocoa: 709396224f18cf0d0fbdda93cd5dfde6d64544f3

COCOAPODS: 0.33.1
